// !$*UTF8*$!
{
	archiveVersion = 1;
	classes = {
	};
	objectVersion = 56;
	objects = {

/* Begin PBXBuildFile section */
		CF5A3F152BAF35B1005EF884 /* CoinyApp.swift in Sources */ = {isa = PBXBuildFile; fileRef = CF5A3F142BAF35B1005EF884 /* CoinyApp.swift */; };
		CF5A3F172BAF35B1005EF884 /* ConversionView.swift in Sources */ = {isa = PBXBuildFile; fileRef = CF5A3F162BAF35B1005EF884 /* ConversionView.swift */; };
		CF5A3F192BAF35B2005EF884 /* Assets.xcassets in Resources */ = {isa = PBXBuildFile; fileRef = CF5A3F182BAF35B2005EF884 /* Assets.xcassets */; };
		CF5A3F1C2BAF35B2005EF884 /* Preview Assets.xcassets in Resources */ = {isa = PBXBuildFile; fileRef = CF5A3F1B2BAF35B2005EF884 /* Preview Assets.xcassets */; };
		CF5A3F232BAF3800005EF884 /* ConversionViewModel.swift in Sources */ = {isa = PBXBuildFile; fileRef = CF5A3F222BAF3800005EF884 /* ConversionViewModel.swift */; };
		CF84B62D2C1DBA1400815617 /* FlagEmoji.swift in Sources */ = {isa = PBXBuildFile; fileRef = CF84B62C2C1DBA1400815617 /* FlagEmoji.swift */; };
		CF84B62F2C28482F00815617 /* FlagPickerView.swift in Sources */ = {isa = PBXBuildFile; fileRef = CF84B62E2C28482F00815617 /* FlagPickerView.swift */; };
		CF970FFF2C2DEFE2004E8C4F /* CurrencyDataResponse.swift in Sources */ = {isa = PBXBuildFile; fileRef = CF970FFE2C2DEFE2004E8C4F /* CurrencyDataResponse.swift */; };
		CF9710022C2DF034004E8C4F /* APIService.swift in Sources */ = {isa = PBXBuildFile; fileRef = CF9710012C2DF034004E8C4F /* APIService.swift */; };
		CF9710052C31E0E6004E8C4F /* DateFormatter+Extensions.swift in Sources */ = {isa = PBXBuildFile; fileRef = CF9710042C31E0E6004E8C4F /* DateFormatter+Extensions.swift */; };
		CF9710072C32973E004E8C4F /* CurrencyInputField.swift in Sources */ = {isa = PBXBuildFile; fileRef = CF9710062C32973E004E8C4F /* CurrencyInputField.swift */; };
/* End PBXBuildFile section */

/* Begin PBXFileReference section */
		CF5A3F112BAF35B1005EF884 /* Coiny.app */ = {isa = PBXFileReference; explicitFileType = wrapper.application; includeInIndex = 0; path = Coiny.app; sourceTree = BUILT_PRODUCTS_DIR; };
		CF5A3F142BAF35B1005EF884 /* CoinyApp.swift */ = {isa = PBXFileReference; lastKnownFileType = sourcecode.swift; path = CoinyApp.swift; sourceTree = "<group>"; };
		CF5A3F162BAF35B1005EF884 /* ConversionView.swift */ = {isa = PBXFileReference; lastKnownFileType = sourcecode.swift; path = ConversionView.swift; sourceTree = "<group>"; };
		CF5A3F182BAF35B2005EF884 /* Assets.xcassets */ = {isa = PBXFileReference; lastKnownFileType = folder.assetcatalog; path = Assets.xcassets; sourceTree = "<group>"; };
		CF5A3F1B2BAF35B2005EF884 /* Preview Assets.xcassets */ = {isa = PBXFileReference; lastKnownFileType = folder.assetcatalog; path = "Preview Assets.xcassets"; sourceTree = "<group>"; };
		CF5A3F222BAF3800005EF884 /* ConversionViewModel.swift */ = {isa = PBXFileReference; lastKnownFileType = sourcecode.swift; path = ConversionViewModel.swift; sourceTree = "<group>"; };
		CF84B62C2C1DBA1400815617 /* FlagEmoji.swift */ = {isa = PBXFileReference; lastKnownFileType = sourcecode.swift; path = FlagEmoji.swift; sourceTree = "<group>"; };
		CF84B62E2C28482F00815617 /* FlagPickerView.swift */ = {isa = PBXFileReference; lastKnownFileType = sourcecode.swift; path = FlagPickerView.swift; sourceTree = "<group>"; };
		CF970FFE2C2DEFE2004E8C4F /* CurrencyDataResponse.swift */ = {isa = PBXFileReference; lastKnownFileType = sourcecode.swift; path = CurrencyDataResponse.swift; sourceTree = "<group>"; };
		CF9710012C2DF034004E8C4F /* APIService.swift */ = {isa = PBXFileReference; lastKnownFileType = sourcecode.swift; path = APIService.swift; sourceTree = "<group>"; };
		CF9710042C31E0E6004E8C4F /* DateFormatter+Extensions.swift */ = {isa = PBXFileReference; lastKnownFileType = sourcecode.swift; path = "DateFormatter+Extensions.swift"; sourceTree = "<group>"; };
		CF9710062C32973E004E8C4F /* CurrencyInputField.swift */ = {isa = PBXFileReference; lastKnownFileType = sourcecode.swift; path = CurrencyInputField.swift; sourceTree = "<group>"; };
/* End PBXFileReference section */

/* Begin PBXFrameworksBuildPhase section */
		CF5A3F0E2BAF35B1005EF884 /* Frameworks */ = {
			isa = PBXFrameworksBuildPhase;
			buildActionMask = 2147483647;
			files = (
			);
			runOnlyForDeploymentPostprocessing = 0;
		};
/* End PBXFrameworksBuildPhase section */

/* Begin PBXGroup section */
		CF5A3F082BAF35B1005EF884 = {
			isa = PBXGroup;
			children = (
				CF5A3F132BAF35B1005EF884 /* Coiny */,
				CF5A3F122BAF35B1005EF884 /* Products */,
			);
			sourceTree = "<group>";
		};
		CF5A3F122BAF35B1005EF884 /* Products */ = {
			isa = PBXGroup;
			children = (
				CF5A3F112BAF35B1005EF884 /* Coiny.app */,
			);
			name = Products;
			sourceTree = "<group>";
		};
		CF5A3F132BAF35B1005EF884 /* Coiny */ = {
			isa = PBXGroup;
			children = (
				CF84B6362C29F79D00815617 /* App */,
				CF9710032C31E0D4004E8C4F /* Extensions */,
				CF84B6372C29F7B500815617 /* Pages */,
				CF9710002C2DF026004E8C4F /* Service */,
				CF5A3F1A2BAF35B2005EF884 /* Preview Content */,
			);
			path = Coiny;
			sourceTree = "<group>";
		};
		CF5A3F1A2BAF35B2005EF884 /* Preview Content */ = {
			isa = PBXGroup;
			children = (
				CF5A3F1B2BAF35B2005EF884 /* Preview Assets.xcassets */,
			);
			path = "Preview Content";
			sourceTree = "<group>";
		};
		CF84B6362C29F79D00815617 /* App */ = {
			isa = PBXGroup;
			children = (
				CF5A3F182BAF35B2005EF884 /* Assets.xcassets */,
				CF5A3F142BAF35B1005EF884 /* CoinyApp.swift */,
			);
			path = App;
			sourceTree = "<group>";
		};
		CF84B6372C29F7B500815617 /* Pages */ = {
			isa = PBXGroup;
			children = (
				CF84B6382C29F7E600815617 /* Conversion */,
			);
			path = Pages;
			sourceTree = "<group>";
		};
		CF84B6382C29F7E600815617 /* Conversion */ = {
			isa = PBXGroup;
			children = (
				CF84B63A2C29F81700815617 /* Models */,
				CF84B6392C29F7FF00815617 /* Views */,
				CF5A3F222BAF3800005EF884 /* ConversionViewModel.swift */,
			);
			path = Conversion;
			sourceTree = "<group>";
		};
		CF84B6392C29F7FF00815617 /* Views */ = {
			isa = PBXGroup;
			children = (
				CF84B62E2C28482F00815617 /* FlagPickerView.swift */,
				CF5A3F162BAF35B1005EF884 /* ConversionView.swift */,
				CF9710062C32973E004E8C4F /* CurrencyInputField.swift */,
			);
			path = Views;
			sourceTree = "<group>";
		};
		CF84B63A2C29F81700815617 /* Models */ = {
			isa = PBXGroup;
			children = (
				CF84B62C2C1DBA1400815617 /* FlagEmoji.swift */,
				CF970FFE2C2DEFE2004E8C4F /* CurrencyDataResponse.swift */,
			);
			path = Models;
			sourceTree = "<group>";
		};
		CF9710002C2DF026004E8C4F /* Service */ = {
			isa = PBXGroup;
			children = (
				CF9710012C2DF034004E8C4F /* APIService.swift */,
			);
			path = Service;
			sourceTree = "<group>";
		};
		CF9710032C31E0D4004E8C4F /* Extensions */ = {
			isa = PBXGroup;
			children = (
				CF9710042C31E0E6004E8C4F /* DateFormatter+Extensions.swift */,
			);
			path = Extensions;
			sourceTree = "<group>";
		};
/* End PBXGroup section */

/* Begin PBXNativeTarget section */
		CF5A3F102BAF35B1005EF884 /* Coiny */ = {
			isa = PBXNativeTarget;
			buildConfigurationList = CF5A3F1F2BAF35B2005EF884 /* Build configuration list for PBXNativeTarget "Coiny" */;
			buildPhases = (
				CF5A3F0D2BAF35B1005EF884 /* Sources */,
				CF5A3F0E2BAF35B1005EF884 /* Frameworks */,
				CF5A3F0F2BAF35B1005EF884 /* Resources */,
			);
			buildRules = (
			);
			dependencies = (
			);
			name = Coiny;
			productName = Coiny;
			productReference = CF5A3F112BAF35B1005EF884 /* Coiny.app */;
			productType = "com.apple.product-type.application";
		};
/* End PBXNativeTarget section */

/* Begin PBXProject section */
		CF5A3F092BAF35B1005EF884 /* Project object */ = {
			isa = PBXProject;
			attributes = {
				BuildIndependentTargetsInParallel = 1;
				LastSwiftUpdateCheck = 1530;
				LastUpgradeCheck = 1530;
				TargetAttributes = {
					CF5A3F102BAF35B1005EF884 = {
						CreatedOnToolsVersion = 15.3;
					};
				};
			};
			buildConfigurationList = CF5A3F0C2BAF35B1005EF884 /* Build configuration list for PBXProject "Coiny" */;
			compatibilityVersion = "Xcode 14.0";
			developmentRegion = en;
			hasScannedForEncodings = 0;
			knownRegions = (
				en,
				Base,
			);
			mainGroup = CF5A3F082BAF35B1005EF884;
			productRefGroup = CF5A3F122BAF35B1005EF884 /* Products */;
			projectDirPath = "";
			projectRoot = "";
			targets = (
				CF5A3F102BAF35B1005EF884 /* Coiny */,
			);
		};
/* End PBXProject section */

/* Begin PBXResourcesBuildPhase section */
		CF5A3F0F2BAF35B1005EF884 /* Resources */ = {
			isa = PBXResourcesBuildPhase;
			buildActionMask = 2147483647;
			files = (
				CF5A3F1C2BAF35B2005EF884 /* Preview Assets.xcassets in Resources */,
				CF5A3F192BAF35B2005EF884 /* Assets.xcassets in Resources */,
			);
			runOnlyForDeploymentPostprocessing = 0;
		};
/* End PBXResourcesBuildPhase section */

/* Begin PBXSourcesBuildPhase section */
		CF5A3F0D2BAF35B1005EF884 /* Sources */ = {
			isa = PBXSourcesBuildPhase;
			buildActionMask = 2147483647;
			files = (
				CF84B62D2C1DBA1400815617 /* FlagEmoji.swift in Sources */,
				CF9710022C2DF034004E8C4F /* APIService.swift in Sources */,
				CF970FFF2C2DEFE2004E8C4F /* CurrencyDataResponse.swift in Sources */,
				CF84B62F2C28482F00815617 /* FlagPickerView.swift in Sources */,
				CF5A3F172BAF35B1005EF884 /* ConversionView.swift in Sources */,
				CF5A3F152BAF35B1005EF884 /* CoinyApp.swift in Sources */,
				CF9710072C32973E004E8C4F /* CurrencyInputField.swift in Sources */,
				CF9710052C31E0E6004E8C4F /* DateFormatter+Extensions.swift in Sources */,
				CF5A3F232BAF3800005EF884 /* ConversionViewModel.swift in Sources */,
			);
			runOnlyForDeploymentPostprocessing = 0;
		};
/* End PBXSourcesBuildPhase section */

/* Begin XCBuildConfiguration section */
		CF5A3F1D2BAF35B2005EF884 /* Debug */ = {
			isa = XCBuildConfiguration;
			buildSettings = {
				ALWAYS_SEARCH_USER_PATHS = NO;
				ASSETCATALOG_COMPILER_GENERATE_SWIFT_ASSET_SYMBOL_EXTENSIONS = YES;
				CLANG_ANALYZER_NONNULL = YES;
				CLANG_ANALYZER_NUMBER_OBJECT_CONVERSION = YES_AGGRESSIVE;
				CLANG_CXX_LANGUAGE_STANDARD = "gnu++20";
				CLANG_ENABLE_MODULES = YES;
				CLANG_ENABLE_OBJC_ARC = YES;
				CLANG_ENABLE_OBJC_WEAK = YES;
				CLANG_WARN_BLOCK_CAPTURE_AUTORELEASING = YES;
				CLANG_WARN_BOOL_CONVERSION = YES;
				CLANG_WARN_COMMA = YES;
				CLANG_WARN_CONSTANT_CONVERSION = YES;
				CLANG_WARN_DEPRECATED_OBJC_IMPLEMENTATIONS = YES;
				CLANG_WARN_DIRECT_OBJC_ISA_USAGE = YES_ERROR;
				CLANG_WARN_DOCUMENTATION_COMMENTS = YES;
				CLANG_WARN_EMPTY_BODY = YES;
				CLANG_WARN_ENUM_CONVERSION = YES;
				CLANG_WARN_INFINITE_RECURSION = YES;
				CLANG_WARN_INT_CONVERSION = YES;
				CLANG_WARN_NON_LITERAL_NULL_CONVERSION = YES;
				CLANG_WARN_OBJC_IMPLICIT_RETAIN_SELF = YES;
				CLANG_WARN_OBJC_LITERAL_CONVERSION = YES;
				CLANG_WARN_OBJC_ROOT_CLASS = YES_ERROR;
				CLANG_WARN_QUOTED_INCLUDE_IN_FRAMEWORK_HEADER = YES;
				CLANG_WARN_RANGE_LOOP_ANALYSIS = YES;
				CLANG_WARN_STRICT_PROTOTYPES = YES;
				CLANG_WARN_SUSPICIOUS_MOVE = YES;
				CLANG_WARN_UNGUARDED_AVAILABILITY = YES_AGGRESSIVE;
				CLANG_WARN_UNREACHABLE_CODE = YES;
				CLANG_WARN__DUPLICATE_METHOD_MATCH = YES;
				COPY_PHASE_STRIP = NO;
				DEBUG_INFORMATION_FORMAT = dwarf;
				ENABLE_STRICT_OBJC_MSGSEND = YES;
				ENABLE_TESTABILITY = YES;
				ENABLE_USER_SCRIPT_SANDBOXING = YES;
				GCC_C_LANGUAGE_STANDARD = gnu17;
				GCC_DYNAMIC_NO_PIC = NO;
				GCC_NO_COMMON_BLOCKS = YES;
				GCC_OPTIMIZATION_LEVEL = 0;
				GCC_PREPROCESSOR_DEFINITIONS = (
					"DEBUG=1",
					"$(inherited)",
				);
				GCC_WARN_64_TO_32_BIT_CONVERSION = YES;
				GCC_WARN_ABOUT_RETURN_TYPE = YES_ERROR;
				GCC_WARN_UNDECLARED_SELECTOR = YES;
				GCC_WARN_UNINITIALIZED_AUTOS = YES_AGGRESSIVE;
				GCC_WARN_UNUSED_FUNCTION = YES;
				GCC_WARN_UNUSED_VARIABLE = YES;
				IPHONEOS_DEPLOYMENT_TARGET = 17.4;
				LOCALIZATION_PREFERS_STRING_CATALOGS = YES;
				MTL_ENABLE_DEBUG_INFO = INCLUDE_SOURCE;
				MTL_FAST_MATH = YES;
				ONLY_ACTIVE_ARCH = YES;
				SDKROOT = iphoneos;
				SWIFT_ACTIVE_COMPILATION_CONDITIONS = "DEBUG $(inherited)";
				SWIFT_OPTIMIZATION_LEVEL = "-Onone";
			};
			name = Debug;
		};
		CF5A3F1E2BAF35B2005EF884 /* Release */ = {
			isa = XCBuildConfiguration;
			buildSettings = {
				ALWAYS_SEARCH_USER_PATHS = NO;
				ASSETCATALOG_COMPILER_GENERATE_SWIFT_ASSET_SYMBOL_EXTENSIONS = YES;
				CLANG_ANALYZER_NONNULL = YES;
				CLANG_ANALYZER_NUMBER_OBJECT_CONVERSION = YES_AGGRESSIVE;
				CLANG_CXX_LANGUAGE_STANDARD = "gnu++20";
				CLANG_ENABLE_MODULES = YES;
				CLANG_ENABLE_OBJC_ARC = YES;
				CLANG_ENABLE_OBJC_WEAK = YES;
				CLANG_WARN_BLOCK_CAPTURE_AUTORELEASING = YES;
				CLANG_WARN_BOOL_CONVERSION = YES;
				CLANG_WARN_COMMA = YES;
				CLANG_WARN_CONSTANT_CONVERSION = YES;
				CLANG_WARN_DEPRECATED_OBJC_IMPLEMENTATIONS = YES;
				CLANG_WARN_DIRECT_OBJC_ISA_USAGE = YES_ERROR;
				CLANG_WARN_DOCUMENTATION_COMMENTS = YES;
				CLANG_WARN_EMPTY_BODY = YES;
				CLANG_WARN_ENUM_CONVERSION = YES;
				CLANG_WARN_INFINITE_RECURSION = YES;
				CLANG_WARN_INT_CONVERSION = YES;
				CLANG_WARN_NON_LITERAL_NULL_CONVERSION = YES;
				CLANG_WARN_OBJC_IMPLICIT_RETAIN_SELF = YES;
				CLANG_WARN_OBJC_LITERAL_CONVERSION = YES;
				CLANG_WARN_OBJC_ROOT_CLASS = YES_ERROR;
				CLANG_WARN_QUOTED_INCLUDE_IN_FRAMEWORK_HEADER = YES;
				CLANG_WARN_RANGE_LOOP_ANALYSIS = YES;
				CLANG_WARN_STRICT_PROTOTYPES = YES;
				CLANG_WARN_SUSPICIOUS_MOVE = YES;
				CLANG_WARN_UNGUARDED_AVAILABILITY = YES_AGGRESSIVE;
				CLANG_WARN_UNREACHABLE_CODE = YES;
				CLANG_WARN__DUPLICATE_METHOD_MATCH = YES;
				COPY_PHASE_STRIP = NO;
				DEBUG_INFORMATION_FORMAT = "dwarf-with-dsym";
				ENABLE_NS_ASSERTIONS = NO;
				ENABLE_STRICT_OBJC_MSGSEND = YES;
				ENABLE_USER_SCRIPT_SANDBOXING = YES;
				GCC_C_LANGUAGE_STANDARD = gnu17;
				GCC_NO_COMMON_BLOCKS = YES;
				GCC_WARN_64_TO_32_BIT_CONVERSION = YES;
				GCC_WARN_ABOUT_RETURN_TYPE = YES_ERROR;
				GCC_WARN_UNDECLARED_SELECTOR = YES;
				GCC_WARN_UNINITIALIZED_AUTOS = YES_AGGRESSIVE;
				GCC_WARN_UNUSED_FUNCTION = YES;
				GCC_WARN_UNUSED_VARIABLE = YES;
				IPHONEOS_DEPLOYMENT_TARGET = 17.4;
				LOCALIZATION_PREFERS_STRING_CATALOGS = YES;
				MTL_ENABLE_DEBUG_INFO = NO;
				MTL_FAST_MATH = YES;
				SDKROOT = iphoneos;
				SWIFT_COMPILATION_MODE = wholemodule;
				VALIDATE_PRODUCT = YES;
			};
			name = Release;
		};
		CF5A3F202BAF35B2005EF884 /* Debug */ = {
			isa = XCBuildConfiguration;
			buildSettings = {
				ASSETCATALOG_COMPILER_APPICON_NAME = AppIcon;
				ASSETCATALOG_COMPILER_GLOBAL_ACCENT_COLOR_NAME = AccentColor;
				CODE_SIGN_STYLE = Automatic;
				CURRENT_PROJECT_VERSION = 1;
				DEVELOPMENT_ASSET_PATHS = "\"Coiny/Preview Content\"";
				DEVELOPMENT_TEAM = CK3T6HC5P6;
				ENABLE_PREVIEWS = YES;
				GENERATE_INFOPLIST_FILE = YES;
				INFOPLIST_KEY_UIApplicationSceneManifest_Generation = YES;
				INFOPLIST_KEY_UIApplicationSupportsIndirectInputEvents = YES;
				INFOPLIST_KEY_UILaunchScreen_Generation = YES;
				INFOPLIST_KEY_UISupportedInterfaceOrientations_iPad = "UIInterfaceOrientationPortrait UIInterfaceOrientationPortraitUpsideDown UIInterfaceOrientationLandscapeLeft UIInterfaceOrientationLandscapeRight";
				INFOPLIST_KEY_UISupportedInterfaceOrientations_iPhone = "UIInterfaceOrientationPortrait UIInterfaceOrientationLandscapeLeft UIInterfaceOrientationLandscapeRight";
				LD_RUNPATH_SEARCH_PATHS = (
					"$(inherited)",
					"@executable_path/Frameworks",
				);
				MARKETING_VERSION = 1.0;
				PRODUCT_BUNDLE_IDENTIFIER = com.cad.Coiny;
				PRODUCT_NAME = "$(TARGET_NAME)";
				SWIFT_EMIT_LOC_STRINGS = YES;
				SWIFT_VERSION = 5.0;
				TARGETED_DEVICE_FAMILY = "1,2";
			};
			name = Debug;
		};
		CF5A3F212BAF35B2005EF884 /* Release */ = {
			isa = XCBuildConfiguration;
			buildSettings = {
				ASSETCATALOG_COMPILER_APPICON_NAME = AppIcon;
				ASSETCATALOG_COMPILER_GLOBAL_ACCENT_COLOR_NAME = AccentColor;
				CODE_SIGN_STYLE = Automatic;
				CURRENT_PROJECT_VERSION = 1;
				DEVELOPMENT_ASSET_PATHS = "\"Coiny/Preview Content\"";
				DEVELOPMENT_TEAM = CK3T6HC5P6;
				ENABLE_PREVIEWS = YES;
				GENERATE_INFOPLIST_FILE = YES;
				INFOPLIST_KEY_UIApplicationSceneManifest_Generation = YES;
				INFOPLIST_KEY_UIApplicationSupportsIndirectInputEvents = YES;
				INFOPLIST_KEY_UILaunchScreen_Generation = YES;
				INFOPLIST_KEY_UISupportedInterfaceOrientations_iPad = "UIInterfaceOrientationPortrait UIInterfaceOrientationPortraitUpsideDown UIInterfaceOrientationLandscapeLeft UIInterfaceOrientationLandscapeRight";
				INFOPLIST_KEY_UISupportedInterfaceOrientations_iPhone = "UIInterfaceOrientationPortrait UIInterfaceOrientationLandscapeLeft UIInterfaceOrientationLandscapeRight";
				LD_RUNPATH_SEARCH_PATHS = (
					"$(inherited)",
					"@executable_path/Frameworks",
				);
				MARKETING_VERSION = 1.0;
				PRODUCT_BUNDLE_IDENTIFIER = com.cad.Coiny;
				PRODUCT_NAME = "$(TARGET_NAME)";
				SWIFT_EMIT_LOC_STRINGS = YES;
				SWIFT_VERSION = 5.0;
				TARGETED_DEVICE_FAMILY = "1,2";
			};
			name = Release;
		};
/* End XCBuildConfiguration section */

/* Begin XCConfigurationList section */
		CF5A3F0C2BAF35B1005EF884 /* Build configuration list for PBXProject "Coiny" */ = {
			isa = XCConfigurationList;
			buildConfigurations = (
				CF5A3F1D2BAF35B2005EF884 /* Debug */,
				CF5A3F1E2BAF35B2005EF884 /* Release */,
			);
			defaultConfigurationIsVisible = 0;
			defaultConfigurationName = Release;
		};
		CF5A3F1F2BAF35B2005EF884 /* Build configuration list for PBXNativeTarget "Coiny" */ = {
			isa = XCConfigurationList;
			buildConfigurations = (
				CF5A3F202BAF35B2005EF884 /* Debug */,
				CF5A3F212BAF35B2005EF884 /* Release */,
			);
			defaultConfigurationIsVisible = 0;
			defaultConfigurationName = Release;
		};
/* End XCConfigurationList section */
	};
	rootObject = CF5A3F092BAF35B1005EF884 /* Project object */;
}
